
Microsoft Visual Studio Solution File, Format Version 12.00
# Visual Studio Version 17
VisualStudioVersion = 17.8.34511.84
MinimumVisualStudioVersion = 10.0.40219.1
Project("{FAE04EC0-301F-11D3-BF4B-00C04F79EFBC}") = "Ecom.api", "Ecom.api\Ecom.api.csproj", "{BF5652F9-9036-44A1-82BC-E3DAFD1377D9}"
EndProject
Project("{FAE04EC0-301F-11D3-BF4B-00C04F79EFBC}") = "Ecom.DataAccess", "Ecom.DataAccess\Ecom.DataAccess.csproj", "{D419728A-8ADE-4477-B71B-3B5D7E6DAADF}"
EndProject
Project("{FAE04EC0-301F-11D3-BF4B-00C04F79EFBC}") = "Ecom.BusinessLayer", "Ecom.BusinessLayer\Ecom.BusinessLayer.csproj", "{D9757074-DEBD-4B58-90E0-1FE31A9F1035}"
EndProject
Project("{FAE04EC0-301F-11D3-BF4B-00C04F79EFBC}") = "Ecom.SharedLibrary", "Ecom.SharedLibrary\Ecom.SharedLibrary.csproj", "{C10030B4-4DB0-4641-B640-096AA3C979A9}"
EndProject
Global
	GlobalSection(SolutionConfigurationPlatforms) = preSolution
		Debug|Any CPU = Debug|Any CPU
		Release|Any CPU = Release|Any CPU
	EndGlobalSection
	GlobalSection(ProjectConfigurationPlatforms) = postSolution
		{BF5652F9-9036-44A1-82BC-E3DAFD1377D9}.Debug|Any CPU.ActiveCfg = Debug|Any CPU
		{BF5652F9-9036-44A1-82BC-E3DAFD1377D9}.Debug|Any CPU.Build.0 = Debug|Any CPU
		{BF5652F9-9036-44A1-82BC-E3DAFD1377D9}.Release|Any CPU.ActiveCfg = Release|Any CPU
		{BF5652F9-9036-44A1-82BC-E3DAFD1377D9}.Release|Any CPU.Build.0 = Release|Any CPU
		{D419728A-8ADE-4477-B71B-3B5D7E6DAADF}.Debug|Any CPU.ActiveCfg = Debug|Any CPU
		{D419728A-8ADE-4477-B71B-3B5D7E6DAADF}.Debug|Any CPU.Build.0 = Debug|Any CPU
		{D419728A-8ADE-4477-B71B-3B5D7E6DAADF}.Release|Any CPU.ActiveCfg = Release|Any CPU
		{D419728A-8ADE-4477-B71B-3B5D7E6DAADF}.Release|Any CPU.Build.0 = Release|Any CPU
		{D9757074-DEBD-4B58-90E0-1FE31A9F1035}.Debug|Any CPU.ActiveCfg = Debug|Any CPU
		{D9757074-DEBD-4B58-90E0-1FE31A9F1035}.Debug|Any CPU.Build.0 = Debug|Any CPU
		{D9757074-DEBD-4B58-90E0-1FE31A9F1035}.Release|Any CPU.ActiveCfg = Release|Any CPU
		{D9757074-DEBD-4B58-90E0-1FE31A9F1035}.Release|Any CPU.Build.0 = Release|Any CPU
		{C10030B4-4DB0-4641-B640-096AA3C979A9}.Debug|Any CPU.ActiveCfg = Debug|Any CPU
		{C10030B4-4DB0-4641-B640-096AA3C979A9}.Debug|Any CPU.Build.0 = Debug|Any CPU
		{C10030B4-4DB0-4641-B640-096AA3C979A9}.Release|Any CPU.ActiveCfg = Release|Any CPU
		{C10030B4-4DB0-4641-B640-096AA3C979A9}.Release|Any CPU.Build.0 = Release|Any CPU
	EndGlobalSection
	GlobalSection(SolutionProperties) = preSolution
		HideSolutionNode = FALSE
	EndGlobalSection
	GlobalSection(ExtensibilityGlobals) = postSolution
		SolutionGuid = {0E863527-CDC9-4620-BA8F-D1188709538C}
	EndGlobalSection
EndGlobal
