
Microsoft Visual Studio Solution File, Format Version 12.00
# Visual Studio Version 17
VisualStudioVersion = 17.8.34511.84
MinimumVisualStudioVersion = 10.0.40219.1
Project("{FAE04EC0-301F-11D3-BF4B-00C04F79EFBC}") = "Ecom.api", "Ecom.api\Ecom.api.csproj", "{91D96172-103A-4A0D-8122-3780011DDE39}"
EndProject
Global
	GlobalSection(SolutionConfigurationPlatforms) = preSolution
		Debug|Any CPU = Debug|Any CPU
		Release|Any CPU = Release|Any CPU
	EndGlobalSection
	GlobalSection(ProjectConfigurationPlatforms) = postSolution
		{91D96172-103A-4A0D-8122-3780011DDE39}.Debug|Any CPU.ActiveCfg = Debug|Any CPU
		{91D96172-103A-4A0D-8122-3780011DDE39}.Debug|Any CPU.Build.0 = Debug|Any CPU
		{91D96172-103A-4A0D-8122-3780011DDE39}.Release|Any CPU.ActiveCfg = Release|Any CPU
		{91D96172-103A-4A0D-8122-3780011DDE39}.Release|Any CPU.Build.0 = Release|Any CPU
	EndGlobalSection
	GlobalSection(SolutionProperties) = preSolution
		HideSolutionNode = FALSE
	EndGlobalSection
	GlobalSection(ExtensibilityGlobals) = postSolution
		SolutionGuid = {C6D58DB4-DB5E-46AC-92DA-D6D96C0A805B}
	EndGlobalSection
EndGlobal
